{
  "name": "shares_project",
  "lockfileVersion": 3,
  "requires": true,
  "packages": {
    "": {
      "dependencies": {
        "@emotion/is-prop-valid": "^1.2.1",
        "styled": "^1.0.0"
      }
    },
    "node_modules/@emotion/is-prop-valid": {
      "version": "1.2.1",
      "resolved": "https://registry.npmjs.org/@emotion/is-prop-valid/-/is-prop-valid-1.2.1.tgz",
      "integrity": "sha512-61Mf7Ufx4aDxx1xlDeOm8aFFigGHE4z+0sKCa+IHCeZKiyP9RLD0Mmx7m8b9/Cf37f7NAvQOOJAbQQGVr5uERw==",
      "dependencies": {
        "@emotion/memoize": "^0.8.1"
      }
    },
    "node_modules/@emotion/memoize": {
      "version": "0.8.1",
      "resolved": "https://registry.npmjs.org/@emotion/memoize/-/memoize-0.8.1.tgz",
      "integrity": "sha512-W2P2c/VRW1/1tLox0mVUalvnWXxavmv/Oum2aPsRcoDJuob75FC3Y8FbpfLwUegRcxINtGUMPq0tFCvYNTBXNA=="
    },
    "node_modules/styled": {
      "version": "1.0.0",
      "resolved": "https://registry.npmjs.org/styled/-/styled-1.0.0.tgz",
      "integrity": "sha512-mPbinkDY7K//Jxi7hZBNSiUF3Q9LE8NHrlUuQXLHCFZcVJeSXQh/Kn4C7lWf8Obre3iyYHo0OqA3WptZrwST/A=="
    }
  }
}
